
Microsoft Visual Studio Solution File, Format Version 12.00
# Visual Studio Version 17
VisualStudioVersion = 17.1.32228.430
MinimumVisualStudioVersion = 10.0.40219.1
Project("{FAE04EC0-301F-11D3-BF4B-00C04F79EFBC}") = "ClearIT", "ClearIT.csproj", "{DC4D569C-C409-490B-A0C9-61A7AA59ADDA}"
EndProject
Global
	GlobalSection(SolutionConfigurationPlatforms) = preSolution
		Debug|Any CPU = Debug|Any CPU
		Release|Any CPU = Release|Any CPU
	EndGlobalSection
	GlobalSection(ProjectConfigurationPlatforms) = postSolution
		{DC4D569C-C409-490B-A0C9-61A7AA59ADDA}.Debug|Any CPU.ActiveCfg = Debug|Any CPU
		{DC4D569C-C409-490B-A0C9-61A7AA59ADDA}.Debug|Any CPU.Build.0 = Debug|Any CPU
		{DC4D569C-C409-490B-A0C9-61A7AA59ADDA}.Release|Any CPU.ActiveCfg = Release|Any CPU
		{DC4D569C-C409-490B-A0C9-61A7AA59ADDA}.Release|Any CPU.Build.0 = Release|Any CPU
	EndGlobalSection
	GlobalSection(SolutionProperties) = preSolution
		HideSolutionNode = FALSE
	EndGlobalSection
	GlobalSection(ExtensibilityGlobals) = postSolution
		SolutionGuid = {37C432CF-4E72-402A-80D3-914662D356D5}
	EndGlobalSection
EndGlobal
